
Microsoft Visual Studio Solution File, Format Version 12.00
# Visual Studio Version 17
VisualStudioVersion = 17.4.33213.308
MinimumVisualStudioVersion = 10.0.40219.1
Project("{9A19103F-16F7-4668-BE54-9A1E7A4F7556}") = "Client", "Client\Client.csproj", "{48110DA7-EA2A-48D4-A7CA-B9FA31A5B96C}"
EndProject
Project("{9A19103F-16F7-4668-BE54-9A1E7A4F7556}") = "Server", "..\Server\Server\Server.csproj", "{D31A6070-9635-4D52-9E7E-F93D6267B47E}"
EndProject
Global
	GlobalSection(SolutionConfigurationPlatforms) = preSolution
		Debug|Any CPU = Debug|Any CPU
		Release|Any CPU = Release|Any CPU
	EndGlobalSection
	GlobalSection(ProjectConfigurationPlatforms) = postSolution
		{48110DA7-EA2A-48D4-A7CA-B9FA31A5B96C}.Debug|Any CPU.ActiveCfg = Debug|Any CPU
		{48110DA7-EA2A-48D4-A7CA-B9FA31A5B96C}.Debug|Any CPU.Build.0 = Debug|Any CPU
		{48110DA7-EA2A-48D4-A7CA-B9FA31A5B96C}.Release|Any CPU.ActiveCfg = Release|Any CPU
		{48110DA7-EA2A-48D4-A7CA-B9FA31A5B96C}.Release|Any CPU.Build.0 = Release|Any CPU
		{D31A6070-9635-4D52-9E7E-F93D6267B47E}.Debug|Any CPU.ActiveCfg = Debug|Any CPU
		{D31A6070-9635-4D52-9E7E-F93D6267B47E}.Debug|Any CPU.Build.0 = Debug|Any CPU
		{D31A6070-9635-4D52-9E7E-F93D6267B47E}.Release|Any CPU.ActiveCfg = Release|Any CPU
		{D31A6070-9635-4D52-9E7E-F93D6267B47E}.Release|Any CPU.Build.0 = Release|Any CPU
	EndGlobalSection
	GlobalSection(SolutionProperties) = preSolution
		HideSolutionNode = FALSE
	EndGlobalSection
	GlobalSection(ExtensibilityGlobals) = postSolution
		SolutionGuid = {D0B14036-9C77-4054-ADF0-26C69D47E29B}
	EndGlobalSection
EndGlobal
