
Microsoft Visual Studio Solution File, Format Version 12.00
# Visual Studio Version 17
VisualStudioVersion = 17.3.32825.248
MinimumVisualStudioVersion = 10.0.40219.1
Project("{FAE04EC0-301F-11D3-BF4B-00C04F79EFBC}") = "!!KATA_TRAINING!!", "!!KATA_TRAINING!!\!!KATA_TRAINING!!.csproj", "{A0D6EAFB-61AC-4AEE-8E93-73FFCB6DC73A}"
EndProject
Global
	GlobalSection(SolutionConfigurationPlatforms) = preSolution
		Debug|Any CPU = Debug|Any CPU
		Release|Any CPU = Release|Any CPU
	EndGlobalSection
	GlobalSection(ProjectConfigurationPlatforms) = postSolution
		{A0D6EAFB-61AC-4AEE-8E93-73FFCB6DC73A}.Debug|Any CPU.ActiveCfg = Debug|Any CPU
		{A0D6EAFB-61AC-4AEE-8E93-73FFCB6DC73A}.Debug|Any CPU.Build.0 = Debug|Any CPU
		{A0D6EAFB-61AC-4AEE-8E93-73FFCB6DC73A}.Release|Any CPU.ActiveCfg = Release|Any CPU
		{A0D6EAFB-61AC-4AEE-8E93-73FFCB6DC73A}.Release|Any CPU.Build.0 = Release|Any CPU
	EndGlobalSection
	GlobalSection(SolutionProperties) = preSolution
		HideSolutionNode = FALSE
	EndGlobalSection
	GlobalSection(ExtensibilityGlobals) = postSolution
		SolutionGuid = {39ADCF8E-3048-45A6-BA82-8CA171D137C1}
	EndGlobalSection
EndGlobal
